
Microsoft Visual Studio Solution File, Format Version 12.00
# Visual Studio Version 17
VisualStudioVersion = 17.6.33829.357
MinimumVisualStudioVersion = 10.0.40219.1
Project("{8BC9CEB8-8B4A-11D0-8D11-00A0C91BC942}") = "initializer_list_4", "initializer_list_4.vcxproj", "{C01268DB-B615-4F89-98BA-A825EF22EA1E}"
EndProject
Global
	GlobalSection(SolutionConfigurationPlatforms) = preSolution
		Debug|x64 = Debug|x64
		Debug|x86 = Debug|x86
		Release|x64 = Release|x64
		Release|x86 = Release|x86
	EndGlobalSection
	GlobalSection(ProjectConfigurationPlatforms) = postSolution
		{C01268DB-B615-4F89-98BA-A825EF22EA1E}.Debug|x64.ActiveCfg = Debug|x64
		{C01268DB-B615-4F89-98BA-A825EF22EA1E}.Debug|x64.Build.0 = Debug|x64
		{C01268DB-B615-4F89-98BA-A825EF22EA1E}.Debug|x86.ActiveCfg = Debug|Win32
		{C01268DB-B615-4F89-98BA-A825EF22EA1E}.Debug|x86.Build.0 = Debug|Win32
		{C01268DB-B615-4F89-98BA-A825EF22EA1E}.Release|x64.ActiveCfg = Release|x64
		{C01268DB-B615-4F89-98BA-A825EF22EA1E}.Release|x64.Build.0 = Release|x64
		{C01268DB-B615-4F89-98BA-A825EF22EA1E}.Release|x86.ActiveCfg = Release|Win32
		{C01268DB-B615-4F89-98BA-A825EF22EA1E}.Release|x86.Build.0 = Release|Win32
	EndGlobalSection
	GlobalSection(SolutionProperties) = preSolution
		HideSolutionNode = FALSE
	EndGlobalSection
	GlobalSection(ExtensibilityGlobals) = postSolution
		SolutionGuid = {1A35D28F-2E6B-40EB-8822-70DBB1F58D78}
	EndGlobalSection
EndGlobal
